
Microsoft Visual Studio Solution File, Format Version 12.00
# Visual Studio Version 16
VisualStudioVersion = 16.0.31729.503
MinimumVisualStudioVersion = 10.0.40219.1
Project("{9A19103F-16F7-4668-BE54-9A1E7A4F7556}") = "OdeToFood", "OdeToFood\OdeToFood.csproj", "{36A98252-2612-4948-A743-0E36EA77A803}"
EndProject
Project("{9A19103F-16F7-4668-BE54-9A1E7A4F7556}") = "OdeToFood.Core", "OdeToFood.core\OdeToFood.Core.csproj", "{C772F66A-6436-404F-8A77-190873AAD06D}"
EndProject
Project("{FAE04EC0-301F-11D3-BF4B-00C04F79EFBC}") = "OdeToFood.Data", "OdeToFood.Data\OdeToFood.Data.csproj", "{F8146F63-0B10-42C0-B44C-A7085DE47257}"
EndProject
Global
	GlobalSection(SolutionConfigurationPlatforms) = preSolution
		Debug|Any CPU = Debug|Any CPU
		Release|Any CPU = Release|Any CPU
	EndGlobalSection
	GlobalSection(ProjectConfigurationPlatforms) = postSolution
		{36A98252-2612-4948-A743-0E36EA77A803}.Debug|Any CPU.ActiveCfg = Debug|Any CPU
		{36A98252-2612-4948-A743-0E36EA77A803}.Debug|Any CPU.Build.0 = Debug|Any CPU
		{36A98252-2612-4948-A743-0E36EA77A803}.Release|Any CPU.ActiveCfg = Release|Any CPU
		{36A98252-2612-4948-A743-0E36EA77A803}.Release|Any CPU.Build.0 = Release|Any CPU
		{C772F66A-6436-404F-8A77-190873AAD06D}.Debug|Any CPU.ActiveCfg = Debug|Any CPU
		{C772F66A-6436-404F-8A77-190873AAD06D}.Debug|Any CPU.Build.0 = Debug|Any CPU
		{C772F66A-6436-404F-8A77-190873AAD06D}.Release|Any CPU.ActiveCfg = Release|Any CPU
		{C772F66A-6436-404F-8A77-190873AAD06D}.Release|Any CPU.Build.0 = Release|Any CPU
		{F8146F63-0B10-42C0-B44C-A7085DE47257}.Debug|Any CPU.ActiveCfg = Debug|Any CPU
		{F8146F63-0B10-42C0-B44C-A7085DE47257}.Debug|Any CPU.Build.0 = Debug|Any CPU
		{F8146F63-0B10-42C0-B44C-A7085DE47257}.Release|Any CPU.ActiveCfg = Release|Any CPU
		{F8146F63-0B10-42C0-B44C-A7085DE47257}.Release|Any CPU.Build.0 = Release|Any CPU
	EndGlobalSection
	GlobalSection(SolutionProperties) = preSolution
		HideSolutionNode = FALSE
	EndGlobalSection
	GlobalSection(ExtensibilityGlobals) = postSolution
		SolutionGuid = {412A2F80-4EBF-4C9F-A44A-EC299B0BE070}
	EndGlobalSection
EndGlobal
